
Microsoft Visual Studio Solution File, Format Version 12.00
# Visual Studio Version 17
VisualStudioVersion = 17.9.34607.119
MinimumVisualStudioVersion = 10.0.40219.1
Project("{9A19103F-16F7-4668-BE54-9A1E7A4F7556}") = "RB.TBC.FinalProjectAPI", "RB.TBC.FinalProjectAPI\RB.TBC.FinalProjectAPI.csproj", "{D9C1F94F-4C95-4152-8F41-469516E9D522}"
EndProject
Project("{FAE04EC0-301F-11D3-BF4B-00C04F79EFBC}") = "RB.TBC.FinalProject.Domain", "RB.TBC.FinalProjectDomain\RB.TBC.FinalProject.Domain.csproj", "{3AE61C4A-05FD-4CBE-ADE5-F5C583342293}"
EndProject
Project("{FAE04EC0-301F-11D3-BF4B-00C04F79EFBC}") = "RB.TBC.FinalProject.Application", "RB.TBC.FinalProject.Application\RB.TBC.FinalProject.Application.csproj", "{B3909E91-17A1-4462-85B8-761FE2B5168D}"
EndProject
Global
	GlobalSection(SolutionConfigurationPlatforms) = preSolution
		Debug|Any CPU = Debug|Any CPU
		Release|Any CPU = Release|Any CPU
	EndGlobalSection
	GlobalSection(ProjectConfigurationPlatforms) = postSolution
		{D9C1F94F-4C95-4152-8F41-469516E9D522}.Debug|Any CPU.ActiveCfg = Debug|Any CPU
		{D9C1F94F-4C95-4152-8F41-469516E9D522}.Debug|Any CPU.Build.0 = Debug|Any CPU
		{D9C1F94F-4C95-4152-8F41-469516E9D522}.Release|Any CPU.ActiveCfg = Release|Any CPU
		{D9C1F94F-4C95-4152-8F41-469516E9D522}.Release|Any CPU.Build.0 = Release|Any CPU
		{3AE61C4A-05FD-4CBE-ADE5-F5C583342293}.Debug|Any CPU.ActiveCfg = Debug|Any CPU
		{3AE61C4A-05FD-4CBE-ADE5-F5C583342293}.Debug|Any CPU.Build.0 = Debug|Any CPU
		{3AE61C4A-05FD-4CBE-ADE5-F5C583342293}.Release|Any CPU.ActiveCfg = Release|Any CPU
		{3AE61C4A-05FD-4CBE-ADE5-F5C583342293}.Release|Any CPU.Build.0 = Release|Any CPU
		{B3909E91-17A1-4462-85B8-761FE2B5168D}.Debug|Any CPU.ActiveCfg = Debug|Any CPU
		{B3909E91-17A1-4462-85B8-761FE2B5168D}.Debug|Any CPU.Build.0 = Debug|Any CPU
		{B3909E91-17A1-4462-85B8-761FE2B5168D}.Release|Any CPU.ActiveCfg = Release|Any CPU
		{B3909E91-17A1-4462-85B8-761FE2B5168D}.Release|Any CPU.Build.0 = Release|Any CPU
	EndGlobalSection
	GlobalSection(SolutionProperties) = preSolution
		HideSolutionNode = FALSE
	EndGlobalSection
	GlobalSection(ExtensibilityGlobals) = postSolution
		SolutionGuid = {CAEDB8D6-52D5-420B-90E8-B7F24553E135}
	EndGlobalSection
EndGlobal
